{
  "name": "effinity",
  "version": "1.0.0",
  "lockfileVersion": 3,
  "requires": true,
  "packages": {
    "": {
      "name": "effinity",
      "version": "1.0.0",
      "license": "ISC",
      "dependencies": {
        "@ai-sdk/anthropic": "^1.0.6"
      },
      "devDependencies": {
        "typescript": "^5.0.0"
      }
    },
    "node_modules/@ai-sdk/anthropic": {
      "version": "1.0.6",
      "resolved": "https://registry.npmjs.org/@ai-sdk/anthropic/-/anthropic-1.0.6.tgz",
      "integrity": "sha512-/9f/CJfR+9rXRV55KSBExMCGeVV7QE5SlagLniak4j74t4/Zg1Aoa69AHftJ78rz/S5srvAB9YtTu52NY+E0mg==",
      "license": "Apache-2.0",
      "dependencies": {
        "@ai-sdk/provider": "1.0.3",
        "@ai-sdk/provider-utils": "2.0.5"
      },
      "engines": {
        "node": ">=18"
      },
      "peerDependencies": {
        "zod": "^3.0.0"
      }
    },
    "node_modules/@ai-sdk/provider": {
      "version": "1.0.3",
      "resolved": "https://registry.npmjs.org/@ai-sdk/provider/-/provider-1.0.3.tgz",
      "integrity": "sha512-WiuJEpHTrltOIzv3x2wx4gwksAHW0h6nK3SoDzjqCOJLu/2OJ1yASESTIX+f07ChFykHElVoP80Ol/fe9dw6tQ==",
      "license": "Apache-2.0",
      "dependencies": {
        "json-schema": "^0.4.0"
      },
      "engines": {
        "node": ">=18"
      }
    },
    "node_modules/@ai-sdk/provider-utils": {
      "version": "2.0.5",
      "resolved": "https://registry.npmjs.org/@ai-sdk/provider-utils/-/provider-utils-2.0.5.tgz",
      "integrity": "sha512-2M7vLhYN0ThGjNlzow7oO/lsL+DyMxvGMIYmVQvEYaCWhDzxH5dOp78VNjJIVwHzVLMbBDigX3rJuzAs853idw==",
      "license": "Apache-2.0",
      "dependencies": {
        "@ai-sdk/provider": "1.0.3",
        "eventsource-parser": "^3.0.0",
        "nanoid": "^3.3.8",
        "secure-json-parse": "^2.7.0"
      },
      "engines": {
        "node": ">=18"
      },
      "peerDependencies": {
        "zod": "^3.0.0"
      },
      "peerDependenciesMeta": {
        "zod": {
          "optional": true
        }
      }
    },
    "node_modules/eventsource-parser": {
      "version": "3.0.0",
      "resolved": "https://registry.npmjs.org/eventsource-parser/-/eventsource-parser-3.0.0.tgz",
      "integrity": "sha512-T1C0XCUimhxVQzW4zFipdx0SficT651NnkR0ZSH3yQwh+mFMdLfgjABVi4YtMTtaL4s168593DaoaRLMqryavA==",
      "license": "MIT",
      "engines": {
        "node": ">=18.0.0"
      }
    },
    "node_modules/json-schema": {
      "version": "0.4.0",
      "resolved": "https://registry.npmjs.org/json-schema/-/json-schema-0.4.0.tgz",
      "integrity": "sha512-es94M3nTIfsEPisRafak+HDLfHXnKBhV3vU5eqPcS3flIWqcxJWgXHXiey3YrpaNsanY5ei1VoYEbOzijuq9BA==",
      "license": "(AFL-2.1 OR BSD-3-Clause)"
    },
    "node_modules/nanoid": {
      "version": "3.3.8",
      "resolved": "https://registry.npmjs.org/nanoid/-/nanoid-3.3.8.tgz",
      "integrity": "sha512-WNLf5Sd8oZxOm+TzppcYk8gVOgP+l58xNy58D0nbUnOxOWRWvlcCV4kUF7ltmI6PsrLl/BgKEyS4mqsGChFN0w==",
      "funding": [
        {
          "type": "github",
          "url": "https://github.com/sponsors/ai"
        }
      ],
      "license": "MIT",
      "bin": {
        "nanoid": "bin/nanoid.cjs"
      },
      "engines": {
        "node": "^10 || ^12 || ^13.7 || ^14 || >=15.0.1"
      }
    },
    "node_modules/secure-json-parse": {
      "version": "2.7.0",
      "resolved": "https://registry.npmjs.org/secure-json-parse/-/secure-json-parse-2.7.0.tgz",
      "integrity": "sha512-6aU+Rwsezw7VR8/nyvKTx8QpWH9FrcYiXXlqC4z5d5XQBDRqtbfsRjnwGyqbi3gddNtWHuEk9OANUotL26qKUw==",
      "license": "BSD-3-Clause"
    },
    "node_modules/typescript": {
      "version": "5.6.3",
      "dev": true,
      "license": "Apache-2.0",
      "bin": {
        "tsc": "bin/tsc",
        "tsserver": "bin/tsserver"
      },
      "engines": {
        "node": ">=14.17"
      }
    },
    "node_modules/zod": {
      "version": "3.24.1",
      "resolved": "https://registry.npmjs.org/zod/-/zod-3.24.1.tgz",
      "integrity": "sha512-muH7gBL9sI1nciMZV67X5fTKKBLtwpZ5VBp1vsOQzj1MhrBZ4wlVCm3gedKZWLp0Oyel8sIGfeiz54Su+OVT+A==",
      "license": "MIT",
      "peer": true,
      "funding": {
        "url": "https://github.com/sponsors/colinhacks"
      }
    }
  }
}
